version = 1
requires-python = ">=3.0"

[[package]]
name = "codecrafters-sqlite"
version = "0.1.0"
source = { editable = "." }
dependencies = [
    { name = "sqlparse" },
]

[package.metadata]
requires-dist = [{ name = "sqlparse" }]

[[package]]
name = "sqlparse"
version = "0.3.1"
source = { registry = "https://pypi.org/simple" }
sdist = { url = "https://files.pythonhosted.org/packages/67/4b/253b6902c1526885af6d361ca8c6b1400292e649f0e9c95ee0d2e8ec8681/sqlparse-0.3.1.tar.gz", hash = "sha256:e162203737712307dfe78860cc56c8da8a852ab2ee33750e33aeadf38d12c548", size = 67572 }
wheels = [
    { url = "https://files.pythonhosted.org/packages/85/ee/6e821932f413a5c4b76be9c5936e313e4fc626b33f16e027866e1d60f588/sqlparse-0.3.1-py2.py3-none-any.whl", hash = "sha256:022fb9c87b524d1f7862b3037e541f68597a730a8843245c349fc93e1643dc4e", size = 40759 },
]
